
Microsoft Visual Studio Solution File, Format Version 12.00
# Visual Studio Version 16
VisualStudioVersion = 16.0.34301.259
MinimumVisualStudioVersion = 10.0.40219.1
Project("{FAE04EC0-301F-11D3-BF4B-00C04F79EFBC}") = "mdiForms", "mdiForms.csproj", "{006A4ABC-CDC8-4164-834F-845311B11161}"
EndProject
Global
	GlobalSection(SolutionConfigurationPlatforms) = preSolution
		Debug|Any CPU = Debug|Any CPU
		Release|Any CPU = Release|Any CPU
	EndGlobalSection
	GlobalSection(ProjectConfigurationPlatforms) = postSolution
		{006A4ABC-CDC8-4164-834F-845311B11161}.Debug|Any CPU.ActiveCfg = Debug|Any CPU
		{006A4ABC-CDC8-4164-834F-845311B11161}.Debug|Any CPU.Build.0 = Debug|Any CPU
		{006A4ABC-CDC8-4164-834F-845311B11161}.Release|Any CPU.ActiveCfg = Release|Any CPU
		{006A4ABC-CDC8-4164-834F-845311B11161}.Release|Any CPU.Build.0 = Release|Any CPU
	EndGlobalSection
	GlobalSection(SolutionProperties) = preSolution
		HideSolutionNode = FALSE
	EndGlobalSection
	GlobalSection(ExtensibilityGlobals) = postSolution
		SolutionGuid = {7F7C1DCF-CCDE-48A5-8E33-FC35247C7EA0}
	EndGlobalSection
EndGlobal
